// !$*UTF8*$!
{
	archiveVersion = 1;
	classes = {
	};
	objectVersion = 50;
	objects = {

/* Begin PBXBuildFile section */
		AFC3D93A25C83DEB003F14C4 /* AppDelegate.swift in Sources */ = {isa = PBXBuildFile; fileRef = AFC3D93925C83DEB003F14C4 /* AppDelegate.swift */; };
		AFC3D93C25C83DEB003F14C4 /* SceneDelegate.swift in Sources */ = {isa = PBXBuildFile; fileRef = AFC3D93B25C83DEB003F14C4 /* SceneDelegate.swift */; };
		AFC3D93E25C83DEB003F14C4 /* ViewController.swift in Sources */ = {isa = PBXBuildFile; fileRef = AFC3D93D25C83DEB003F14C4 /* ViewController.swift */; };
		AFC3D94125C83DEB003F14C4 /* Main.storyboard in Resources */ = {isa = PBXBuildFile; fileRef = AFC3D93F25C83DEB003F14C4 /* Main.storyboard */; };
		AFC3D94325C83DED003F14C4 /* Assets.xcassets in Resources */ = {isa = PBXBuildFile; fileRef = AFC3D94225C83DED003F14C4 /* Assets.xcassets */; };
		AFC3D94625C83DED003F14C4 /* LaunchScreen.storyboard in Resources */ = {isa = PBXBuildFile; fileRef = AFC3D94425C83DED003F14C4 /* LaunchScreen.storyboard */; };
		AFC3D95025C83FC4003F14C4 /* logo_lms.png in Resources */ = {isa = PBXBuildFile; fileRef = AFC3D94F25C83FC4003F14C4 /* logo_lms.png */; };
		AFC3D95725C84388003F14C4 /* HSE1.jpg in Resources */ = {isa = PBXBuildFile; fileRef = AFC3D95625C84388003F14C4 /* HSE1.jpg */; };
		AFC3D95E25C845B2003F14C4 /* HSE2.jpg in Resources */ = {isa = PBXBuildFile; fileRef = AFC3D95B25C845B2003F14C4 /* HSE2.jpg */; };
		AFC3D95F25C845B2003F14C4 /* HSE4.jpeg in Resources */ = {isa = PBXBuildFile; fileRef = AFC3D95C25C845B2003F14C4 /* HSE4.jpeg */; };
		AFC3D96025C845B2003F14C4 /* HSE3.jpg in Resources */ = {isa = PBXBuildFile; fileRef = AFC3D95D25C845B2003F14C4 /* HSE3.jpg */; };
/* End PBXBuildFile section */

/* Begin PBXFileReference section */
		AFC3D93625C83DEB003F14C4 /* BlurApp.app */ = {isa = PBXFileReference; explicitFileType = wrapper.application; includeInIndex = 0; path = BlurApp.app; sourceTree = BUILT_PRODUCTS_DIR; };
		AFC3D93925C83DEB003F14C4 /* AppDelegate.swift */ = {isa = PBXFileReference; lastKnownFileType = sourcecode.swift; path = AppDelegate.swift; sourceTree = "<group>"; };
		AFC3D93B25C83DEB003F14C4 /* SceneDelegate.swift */ = {isa = PBXFileReference; lastKnownFileType = sourcecode.swift; path = SceneDelegate.swift; sourceTree = "<group>"; };
		AFC3D93D25C83DEB003F14C4 /* ViewController.swift */ = {isa = PBXFileReference; lastKnownFileType = sourcecode.swift; path = ViewController.swift; sourceTree = "<group>"; };
		AFC3D94025C83DEB003F14C4 /* Base */ = {isa = PBXFileReference; lastKnownFileType = file.storyboard; name = Base; path = Base.lproj/Main.storyboard; sourceTree = "<group>"; };
		AFC3D94225C83DED003F14C4 /* Assets.xcassets */ = {isa = PBXFileReference; lastKnownFileType = folder.assetcatalog; path = Assets.xcassets; sourceTree = "<group>"; };
		AFC3D94525C83DED003F14C4 /* Base */ = {isa = PBXFileReference; lastKnownFileType = file.storyboard; name = Base; path = Base.lproj/LaunchScreen.storyboard; sourceTree = "<group>"; };
		AFC3D94725C83DED003F14C4 /* Info.plist */ = {isa = PBXFileReference; lastKnownFileType = text.plist.xml; path = Info.plist; sourceTree = "<group>"; };
		AFC3D94F25C83FC4003F14C4 /* logo_lms.png */ = {isa = PBXFileReference; lastKnownFileType = image.png; name = logo_lms.png; path = ../../../../../Downloads/logo_lms.png; sourceTree = "<group>"; };
		AFC3D95625C84388003F14C4 /* HSE1.jpg */ = {isa = PBXFileReference; lastKnownFileType = image.jpeg; name = HSE1.jpg; path = ../../../../../Downloads/HSE1.jpg; sourceTree = "<group>"; };
		AFC3D95B25C845B2003F14C4 /* HSE2.jpg */ = {isa = PBXFileReference; lastKnownFileType = image.jpeg; name = HSE2.jpg; path = ../../../../../Downloads/HSE2.jpg; sourceTree = "<group>"; };
		AFC3D95C25C845B2003F14C4 /* HSE4.jpeg */ = {isa = PBXFileReference; lastKnownFileType = image.jpeg; name = HSE4.jpeg; path = ../../../../../Downloads/HSE4.jpeg; sourceTree = "<group>"; };
		AFC3D95D25C845B2003F14C4 /* HSE3.jpg */ = {isa = PBXFileReference; lastKnownFileType = image.jpeg; name = HSE3.jpg; path = ../../../../../Downloads/HSE3.jpg; sourceTree = "<group>"; };
/* End PBXFileReference section */

/* Begin PBXFrameworksBuildPhase section */
		AFC3D93325C83DEB003F14C4 /* Frameworks */ = {
			isa = PBXFrameworksBuildPhase;
			buildActionMask = 2147483647;
			files = (
			);
			runOnlyForDeploymentPostprocessing = 0;
		};
/* End PBXFrameworksBuildPhase section */

/* Begin PBXGroup section */
		AFC3D92D25C83DEB003F14C4 = {
			isa = PBXGroup;
			children = (
				AFC3D93825C83DEB003F14C4 /* BlurApp */,
				AFC3D93725C83DEB003F14C4 /* Products */,
			);
			sourceTree = "<group>";
		};
		AFC3D93725C83DEB003F14C4 /* Products */ = {
			isa = PBXGroup;
			children = (
				AFC3D93625C83DEB003F14C4 /* BlurApp.app */,
			);
			name = Products;
			sourceTree = "<group>";
		};
		AFC3D93825C83DEB003F14C4 /* BlurApp */ = {
			isa = PBXGroup;
			children = (
				AFC3D94E25C83FA2003F14C4 /* Images */,
				AFC3D93925C83DEB003F14C4 /* AppDelegate.swift */,
				AFC3D93B25C83DEB003F14C4 /* SceneDelegate.swift */,
				AFC3D93D25C83DEB003F14C4 /* ViewController.swift */,
				AFC3D93F25C83DEB003F14C4 /* Main.storyboard */,
				AFC3D94225C83DED003F14C4 /* Assets.xcassets */,
				AFC3D94425C83DED003F14C4 /* LaunchScreen.storyboard */,
				AFC3D94725C83DED003F14C4 /* Info.plist */,
			);
			path = BlurApp;
			sourceTree = "<group>";
		};
		AFC3D94E25C83FA2003F14C4 /* Images */ = {
			isa = PBXGroup;
			children = (
				AFC3D95B25C845B2003F14C4 /* HSE2.jpg */,
				AFC3D95D25C845B2003F14C4 /* HSE3.jpg */,
				AFC3D95C25C845B2003F14C4 /* HSE4.jpeg */,
				AFC3D95625C84388003F14C4 /* HSE1.jpg */,
				AFC3D94F25C83FC4003F14C4 /* logo_lms.png */,
			);
			path = Images;
			sourceTree = "<group>";
		};
/* End PBXGroup section */

/* Begin PBXNativeTarget section */
		AFC3D93525C83DEB003F14C4 /* BlurApp */ = {
			isa = PBXNativeTarget;
			buildConfigurationList = AFC3D94A25C83DED003F14C4 /* Build configuration list for PBXNativeTarget "BlurApp" */;
			buildPhases = (
				AFC3D93225C83DEB003F14C4 /* Sources */,
				AFC3D93325C83DEB003F14C4 /* Frameworks */,
				AFC3D93425C83DEB003F14C4 /* Resources */,
			);
			buildRules = (
			);
			dependencies = (
			);
			name = BlurApp;
			productName = BlurApp;
			productReference = AFC3D93625C83DEB003F14C4 /* BlurApp.app */;
			productType = "com.apple.product-type.application";
		};
/* End PBXNativeTarget section */

/* Begin PBXProject section */
		AFC3D92E25C83DEB003F14C4 /* Project object */ = {
			isa = PBXProject;
			attributes = {
				LastSwiftUpdateCheck = 1240;
				LastUpgradeCheck = 1240;
				TargetAttributes = {
					AFC3D93525C83DEB003F14C4 = {
						CreatedOnToolsVersion = 12.4;
					};
				};
			};
			buildConfigurationList = AFC3D93125C83DEB003F14C4 /* Build configuration list for PBXProject "BlurApp" */;
			compatibilityVersion = "Xcode 9.3";
			developmentRegion = en;
			hasScannedForEncodings = 0;
			knownRegions = (
				en,
				Base,
			);
			mainGroup = AFC3D92D25C83DEB003F14C4;
			productRefGroup = AFC3D93725C83DEB003F14C4 /* Products */;
			projectDirPath = "";
			projectRoot = "";
			targets = (
				AFC3D93525C83DEB003F14C4 /* BlurApp */,
			);
		};
/* End PBXProject section */

/* Begin PBXResourcesBuildPhase section */
		AFC3D93425C83DEB003F14C4 /* Resources */ = {
			isa = PBXResourcesBuildPhase;
			buildActionMask = 2147483647;
			files = (
				AFC3D95E25C845B2003F14C4 /* HSE2.jpg in Resources */,
				AFC3D94625C83DED003F14C4 /* LaunchScreen.storyboard in Resources */,
				AFC3D94325C83DED003F14C4 /* Assets.xcassets in Resources */,
				AFC3D95725C84388003F14C4 /* HSE1.jpg in Resources */,
				AFC3D94125C83DEB003F14C4 /* Main.storyboard in Resources */,
				AFC3D95F25C845B2003F14C4 /* HSE4.jpeg in Resources */,
				AFC3D95025C83FC4003F14C4 /* logo_lms.png in Resources */,
				AFC3D96025C845B2003F14C4 /* HSE3.jpg in Resources */,
			);
			runOnlyForDeploymentPostprocessing = 0;
		};
/* End PBXResourcesBuildPhase section */

/* Begin PBXSourcesBuildPhase section */
		AFC3D93225C83DEB003F14C4 /* Sources */ = {
			isa = PBXSourcesBuildPhase;
			buildActionMask = 2147483647;
			files = (
				AFC3D93E25C83DEB003F14C4 /* ViewController.swift in Sources */,
				AFC3D93A25C83DEB003F14C4 /* AppDelegate.swift in Sources */,
				AFC3D93C25C83DEB003F14C4 /* SceneDelegate.swift in Sources */,
			);
			runOnlyForDeploymentPostprocessing = 0;
		};
/* End PBXSourcesBuildPhase section */

/* Begin PBXVariantGroup section */
		AFC3D93F25C83DEB003F14C4 /* Main.storyboard */ = {
			isa = PBXVariantGroup;
			children = (
				AFC3D94025C83DEB003F14C4 /* Base */,
			);
			name = Main.storyboard;
			sourceTree = "<group>";
		};
		AFC3D94425C83DED003F14C4 /* LaunchScreen.storyboard */ = {
			isa = PBXVariantGroup;
			children = (
				AFC3D94525C83DED003F14C4 /* Base */,
			);
			name = LaunchScreen.storyboard;
			sourceTree = "<group>";
		};
/* End PBXVariantGroup section */

/* Begin XCBuildConfiguration section */
		AFC3D94825C83DED003F14C4 /* Debug */ = {
			isa = XCBuildConfiguration;
			buildSettings = {
				ALWAYS_SEARCH_USER_PATHS = NO;
				CLANG_ANALYZER_NONNULL = YES;
				CLANG_ANALYZER_NUMBER_OBJECT_CONVERSION = YES_AGGRESSIVE;
				CLANG_CXX_LANGUAGE_STANDARD = "gnu++14";
				CLANG_CXX_LIBRARY = "libc++";
				CLANG_ENABLE_MODULES = YES;
				CLANG_ENABLE_OBJC_ARC = YES;
				CLANG_ENABLE_OBJC_WEAK = YES;
				CLANG_WARN_BLOCK_CAPTURE_AUTORELEASING = YES;
				CLANG_WARN_BOOL_CONVERSION = YES;
				CLANG_WARN_COMMA = YES;
				CLANG_WARN_CONSTANT_CONVERSION = YES;
				CLANG_WARN_DEPRECATED_OBJC_IMPLEMENTATIONS = YES;
				CLANG_WARN_DIRECT_OBJC_ISA_USAGE = YES_ERROR;
				CLANG_WARN_DOCUMENTATION_COMMENTS = YES;
				CLANG_WARN_EMPTY_BODY = YES;
				CLANG_WARN_ENUM_CONVERSION = YES;
				CLANG_WARN_INFINITE_RECURSION = YES;
				CLANG_WARN_INT_CONVERSION = YES;
				CLANG_WARN_NON_LITERAL_NULL_CONVERSION = YES;
				CLANG_WARN_OBJC_IMPLICIT_RETAIN_SELF = YES;
				CLANG_WARN_OBJC_LITERAL_CONVERSION = YES;
				CLANG_WARN_OBJC_ROOT_CLASS = YES_ERROR;
				CLANG_WARN_QUOTED_INCLUDE_IN_FRAMEWORK_HEADER = YES;
				CLANG_WARN_RANGE_LOOP_ANALYSIS = YES;
				CLANG_WARN_STRICT_PROTOTYPES = YES;
				CLANG_WARN_SUSPICIOUS_MOVE = YES;
				CLANG_WARN_UNGUARDED_AVAILABILITY = YES_AGGRESSIVE;
				CLANG_WARN_UNREACHABLE_CODE = YES;
				CLANG_WARN__DUPLICATE_METHOD_MATCH = YES;
				COPY_PHASE_STRIP = NO;
				DEBUG_INFORMATION_FORMAT = dwarf;
				ENABLE_STRICT_OBJC_MSGSEND = YES;
				ENABLE_TESTABILITY = YES;
				GCC_C_LANGUAGE_STANDARD = gnu11;
				GCC_DYNAMIC_NO_PIC = NO;
				GCC_NO_COMMON_BLOCKS = YES;
				GCC_OPTIMIZATION_LEVEL = 0;
				GCC_PREPROCESSOR_DEFINITIONS = (
					"DEBUG=1",
					"$(inherited)",
				);
				GCC_WARN_64_TO_32_BIT_CONVERSION = YES;
				GCC_WARN_ABOUT_RETURN_TYPE = YES_ERROR;
				GCC_WARN_UNDECLARED_SELECTOR = YES;
				GCC_WARN_UNINITIALIZED_AUTOS = YES_AGGRESSIVE;
				GCC_WARN_UNUSED_FUNCTION = YES;
				GCC_WARN_UNUSED_VARIABLE = YES;
				IPHONEOS_DEPLOYMENT_TARGET = 14.4;
				MTL_ENABLE_DEBUG_INFO = INCLUDE_SOURCE;
				MTL_FAST_MATH = YES;
				ONLY_ACTIVE_ARCH = YES;
				SDKROOT = iphoneos;
				SWIFT_ACTIVE_COMPILATION_CONDITIONS = DEBUG;
				SWIFT_OPTIMIZATION_LEVEL = "-Onone";
			};
			name = Debug;
		};
		AFC3D94925C83DED003F14C4 /* Release */ = {
			isa = XCBuildConfiguration;
			buildSettings = {
				ALWAYS_SEARCH_USER_PATHS = NO;
				CLANG_ANALYZER_NONNULL = YES;
				CLANG_ANALYZER_NUMBER_OBJECT_CONVERSION = YES_AGGRESSIVE;
				CLANG_CXX_LANGUAGE_STANDARD = "gnu++14";
				CLANG_CXX_LIBRARY = "libc++";
				CLANG_ENABLE_MODULES = YES;
				CLANG_ENABLE_OBJC_ARC = YES;
				CLANG_ENABLE_OBJC_WEAK = YES;
				CLANG_WARN_BLOCK_CAPTURE_AUTORELEASING = YES;
				CLANG_WARN_BOOL_CONVERSION = YES;
				CLANG_WARN_COMMA = YES;
				CLANG_WARN_CONSTANT_CONVERSION = YES;
				CLANG_WARN_DEPRECATED_OBJC_IMPLEMENTATIONS = YES;
				CLANG_WARN_DIRECT_OBJC_ISA_USAGE = YES_ERROR;
				CLANG_WARN_DOCUMENTATION_COMMENTS = YES;
				CLANG_WARN_EMPTY_BODY = YES;
				CLANG_WARN_ENUM_CONVERSION = YES;
				CLANG_WARN_INFINITE_RECURSION = YES;
				CLANG_WARN_INT_CONVERSION = YES;
				CLANG_WARN_NON_LITERAL_NULL_CONVERSION = YES;
				CLANG_WARN_OBJC_IMPLICIT_RETAIN_SELF = YES;
				CLANG_WARN_OBJC_LITERAL_CONVERSION = YES;
				CLANG_WARN_OBJC_ROOT_CLASS = YES_ERROR;
				CLANG_WARN_QUOTED_INCLUDE_IN_FRAMEWORK_HEADER = YES;
				CLANG_WARN_RANGE_LOOP_ANALYSIS = YES;
				CLANG_WARN_STRICT_PROTOTYPES = YES;
				CLANG_WARN_SUSPICIOUS_MOVE = YES;
				CLANG_WARN_UNGUARDED_AVAILABILITY = YES_AGGRESSIVE;
				CLANG_WARN_UNREACHABLE_CODE = YES;
				CLANG_WARN__DUPLICATE_METHOD_MATCH = YES;
				COPY_PHASE_STRIP = NO;
				DEBUG_INFORMATION_FORMAT = "dwarf-with-dsym";
				ENABLE_NS_ASSERTIONS = NO;
				ENABLE_STRICT_OBJC_MSGSEND = YES;
				GCC_C_LANGUAGE_STANDARD = gnu11;
				GCC_NO_COMMON_BLOCKS = YES;
				GCC_WARN_64_TO_32_BIT_CONVERSION = YES;
				GCC_WARN_ABOUT_RETURN_TYPE = YES_ERROR;
				GCC_WARN_UNDECLARED_SELECTOR = YES;
				GCC_WARN_UNINITIALIZED_AUTOS = YES_AGGRESSIVE;
				GCC_WARN_UNUSED_FUNCTION = YES;
				GCC_WARN_UNUSED_VARIABLE = YES;
				IPHONEOS_DEPLOYMENT_TARGET = 14.4;
				MTL_ENABLE_DEBUG_INFO = NO;
				MTL_FAST_MATH = YES;
				SDKROOT = iphoneos;
				SWIFT_COMPILATION_MODE = wholemodule;
				SWIFT_OPTIMIZATION_LEVEL = "-O";
				VALIDATE_PRODUCT = YES;
			};
			name = Release;
		};
		AFC3D94B25C83DED003F14C4 /* Debug */ = {
			isa = XCBuildConfiguration;
			buildSettings = {
				ASSETCATALOG_COMPILER_APPICON_NAME = AppIcon;
				ASSETCATALOG_COMPILER_GLOBAL_ACCENT_COLOR_NAME = AccentColor;
				CODE_SIGN_STYLE = Automatic;
				DEVELOPMENT_TEAM = K5BL59AE35;
				INFOPLIST_FILE = BlurApp/Info.plist;
				LD_RUNPATH_SEARCH_PATHS = (
					"$(inherited)",
					"@executable_path/Frameworks",
				);
				PRODUCT_BUNDLE_IDENTIFIER = MVM.BlurApp;
				PRODUCT_NAME = "$(TARGET_NAME)";
				SWIFT_VERSION = 5.0;
				TARGETED_DEVICE_FAMILY = 1;
			};
			name = Debug;
		};
		AFC3D94C25C83DED003F14C4 /* Release */ = {
			isa = XCBuildConfiguration;
			buildSettings = {
				ASSETCATALOG_COMPILER_APPICON_NAME = AppIcon;
				ASSETCATALOG_COMPILER_GLOBAL_ACCENT_COLOR_NAME = AccentColor;
				CODE_SIGN_STYLE = Automatic;
				DEVELOPMENT_TEAM = K5BL59AE35;
				INFOPLIST_FILE = BlurApp/Info.plist;
				LD_RUNPATH_SEARCH_PATHS = (
					"$(inherited)",
					"@executable_path/Frameworks",
				);
				PRODUCT_BUNDLE_IDENTIFIER = MVM.BlurApp;
				PRODUCT_NAME = "$(TARGET_NAME)";
				SWIFT_VERSION = 5.0;
				TARGETED_DEVICE_FAMILY = 1;
			};
			name = Release;
		};
/* End XCBuildConfiguration section */

/* Begin XCConfigurationList section */
		AFC3D93125C83DEB003F14C4 /* Build configuration list for PBXProject "BlurApp" */ = {
			isa = XCConfigurationList;
			buildConfigurations = (
				AFC3D94825C83DED003F14C4 /* Debug */,
				AFC3D94925C83DED003F14C4 /* Release */,
			);
			defaultConfigurationIsVisible = 0;
			defaultConfigurationName = Release;
		};
		AFC3D94A25C83DED003F14C4 /* Build configuration list for PBXNativeTarget "BlurApp" */ = {
			isa = XCConfigurationList;
			buildConfigurations = (
				AFC3D94B25C83DED003F14C4 /* Debug */,
				AFC3D94C25C83DED003F14C4 /* Release */,
			);
			defaultConfigurationIsVisible = 0;
			defaultConfigurationName = Release;
		};
/* End XCConfigurationList section */
	};
	rootObject = AFC3D92E25C83DEB003F14C4 /* Project object */;
}
